
Microsoft Visual Studio Solution File, Format Version 12.00
# Visual Studio Version 16
VisualStudioVersion = 16.0.30204.135
MinimumVisualStudioVersion = 10.0.40219.1
Project("{FAE04EC0-301F-11D3-BF4B-00C04F79EFBC}") = "MusicChecker", "MusicChecker.csproj", "{99C8BE2B-46AD-44DC-BABB-E49A4052C15D}"
EndProject
Global
	GlobalSection(SolutionConfigurationPlatforms) = preSolution
		Debug|Any CPU = Debug|Any CPU
		Release|Any CPU = Release|Any CPU
	EndGlobalSection
	GlobalSection(ProjectConfigurationPlatforms) = postSolution
		{99C8BE2B-46AD-44DC-BABB-E49A4052C15D}.Debug|Any CPU.ActiveCfg = Debug|Any CPU
		{99C8BE2B-46AD-44DC-BABB-E49A4052C15D}.Debug|Any CPU.Build.0 = Debug|Any CPU
		{99C8BE2B-46AD-44DC-BABB-E49A4052C15D}.Release|Any CPU.ActiveCfg = Release|Any CPU
		{99C8BE2B-46AD-44DC-BABB-E49A4052C15D}.Release|Any CPU.Build.0 = Release|Any CPU
	EndGlobalSection
	GlobalSection(SolutionProperties) = preSolution
		HideSolutionNode = FALSE
	EndGlobalSection
	GlobalSection(ExtensibilityGlobals) = postSolution
		SolutionGuid = {2A5C1A66-B82A-4015-94CB-D29A7AE24665}
	EndGlobalSection
EndGlobal
